// !$*UTF8*$!
{
	archiveVersion = 1;
	classes = {
	};
	objectVersion = 55;
	objects = {

/* Begin PBXBuildFile section */
		492A118A27466B9A007ADC92 /* AppDelegate.swift in Sources */ = {isa = PBXBuildFile; fileRef = 492A118927466B9A007ADC92 /* AppDelegate.swift */; };
		492A118C27466B9A007ADC92 /* SceneDelegate.swift in Sources */ = {isa = PBXBuildFile; fileRef = 492A118B27466B9A007ADC92 /* SceneDelegate.swift */; };
		492A119127466B9A007ADC92 /* Main.storyboard in Resources */ = {isa = PBXBuildFile; fileRef = 492A118F27466B9A007ADC92 /* Main.storyboard */; };
		492A119427466B9A007ADC92 /* UberNotebook.xcdatamodeld in Sources */ = {isa = PBXBuildFile; fileRef = 492A119227466B9A007ADC92 /* UberNotebook.xcdatamodeld */; };
		492A119627466B9B007ADC92 /* Assets.xcassets in Resources */ = {isa = PBXBuildFile; fileRef = 492A119527466B9B007ADC92 /* Assets.xcassets */; };
		492A119927466B9B007ADC92 /* LaunchScreen.storyboard in Resources */ = {isa = PBXBuildFile; fileRef = 492A119727466B9B007ADC92 /* LaunchScreen.storyboard */; };
		4938E98E27467A1700E9CE35 /* NotebookViewController.swift in Sources */ = {isa = PBXBuildFile; fileRef = 4938E98D27467A1700E9CE35 /* NotebookViewController.swift */; };
		4938E99427468D9700E9CE35 /* NoteViewController.swift in Sources */ = {isa = PBXBuildFile; fileRef = 4938E99327468D9700E9CE35 /* NoteViewController.swift */; };
/* End PBXBuildFile section */

/* Begin PBXFileReference section */
		492A118627466B9A007ADC92 /* UberNotebook.app */ = {isa = PBXFileReference; explicitFileType = wrapper.application; includeInIndex = 0; path = UberNotebook.app; sourceTree = BUILT_PRODUCTS_DIR; };
		492A118927466B9A007ADC92 /* AppDelegate.swift */ = {isa = PBXFileReference; lastKnownFileType = sourcecode.swift; path = AppDelegate.swift; sourceTree = "<group>"; };
		492A118B27466B9A007ADC92 /* SceneDelegate.swift */ = {isa = PBXFileReference; lastKnownFileType = sourcecode.swift; path = SceneDelegate.swift; sourceTree = "<group>"; };
		492A119027466B9A007ADC92 /* Base */ = {isa = PBXFileReference; lastKnownFileType = file.storyboard; name = Base; path = Base.lproj/Main.storyboard; sourceTree = "<group>"; };
		492A119327466B9A007ADC92 /* UberNotebook.xcdatamodel */ = {isa = PBXFileReference; lastKnownFileType = wrapper.xcdatamodel; path = UberNotebook.xcdatamodel; sourceTree = "<group>"; };
		492A119527466B9B007ADC92 /* Assets.xcassets */ = {isa = PBXFileReference; lastKnownFileType = folder.assetcatalog; path = Assets.xcassets; sourceTree = "<group>"; };
		492A119827466B9B007ADC92 /* Base */ = {isa = PBXFileReference; lastKnownFileType = file.storyboard; name = Base; path = Base.lproj/LaunchScreen.storyboard; sourceTree = "<group>"; };
		492A119A27466B9B007ADC92 /* Info.plist */ = {isa = PBXFileReference; lastKnownFileType = text.plist.xml; path = Info.plist; sourceTree = "<group>"; };
		4938E98D27467A1700E9CE35 /* NotebookViewController.swift */ = {isa = PBXFileReference; lastKnownFileType = sourcecode.swift; path = NotebookViewController.swift; sourceTree = "<group>"; };
		4938E99327468D9700E9CE35 /* NoteViewController.swift */ = {isa = PBXFileReference; lastKnownFileType = sourcecode.swift; path = NoteViewController.swift; sourceTree = "<group>"; };
/* End PBXFileReference section */

/* Begin PBXFrameworksBuildPhase section */
		492A118327466B9A007ADC92 /* Frameworks */ = {
			isa = PBXFrameworksBuildPhase;
			buildActionMask = 2147483647;
			files = (
			);
			runOnlyForDeploymentPostprocessing = 0;
		};
/* End PBXFrameworksBuildPhase section */

/* Begin PBXGroup section */
		492A117D27466B9A007ADC92 = {
			isa = PBXGroup;
			children = (
				492A118827466B9A007ADC92 /* UberNotebook */,
				492A118727466B9A007ADC92 /* Products */,
			);
			sourceTree = "<group>";
		};
		492A118727466B9A007ADC92 /* Products */ = {
			isa = PBXGroup;
			children = (
				492A118627466B9A007ADC92 /* UberNotebook.app */,
			);
			name = Products;
			sourceTree = "<group>";
		};
		492A118827466B9A007ADC92 /* UberNotebook */ = {
			isa = PBXGroup;
			children = (
				492A118927466B9A007ADC92 /* AppDelegate.swift */,
				492A118B27466B9A007ADC92 /* SceneDelegate.swift */,
				492A118F27466B9A007ADC92 /* Main.storyboard */,
				492A119527466B9B007ADC92 /* Assets.xcassets */,
				492A119727466B9B007ADC92 /* LaunchScreen.storyboard */,
				492A119A27466B9B007ADC92 /* Info.plist */,
				492A119227466B9A007ADC92 /* UberNotebook.xcdatamodeld */,
				4938E98D27467A1700E9CE35 /* NotebookViewController.swift */,
				4938E99327468D9700E9CE35 /* NoteViewController.swift */,
			);
			path = UberNotebook;
			sourceTree = "<group>";
		};
/* End PBXGroup section */

/* Begin PBXNativeTarget section */
		492A118527466B9A007ADC92 /* UberNotebook */ = {
			isa = PBXNativeTarget;
			buildConfigurationList = 492A119D27466B9B007ADC92 /* Build configuration list for PBXNativeTarget "UberNotebook" */;
			buildPhases = (
				492A118227466B9A007ADC92 /* Sources */,
				492A118327466B9A007ADC92 /* Frameworks */,
				492A118427466B9A007ADC92 /* Resources */,
			);
			buildRules = (
			);
			dependencies = (
			);
			name = UberNotebook;
			productName = UberNotebook;
			productReference = 492A118627466B9A007ADC92 /* UberNotebook.app */;
			productType = "com.apple.product-type.application";
		};
/* End PBXNativeTarget section */

/* Begin PBXProject section */
		492A117E27466B9A007ADC92 /* Project object */ = {
			isa = PBXProject;
			attributes = {
				BuildIndependentTargetsInParallel = 1;
				LastSwiftUpdateCheck = 1310;
				LastUpgradeCheck = 1310;
				TargetAttributes = {
					492A118527466B9A007ADC92 = {
						CreatedOnToolsVersion = 13.1;
					};
				};
			};
			buildConfigurationList = 492A118127466B9A007ADC92 /* Build configuration list for PBXProject "UberNotebook" */;
			compatibilityVersion = "Xcode 13.0";
			developmentRegion = en;
			hasScannedForEncodings = 0;
			knownRegions = (
				en,
				Base,
			);
			mainGroup = 492A117D27466B9A007ADC92;
			productRefGroup = 492A118727466B9A007ADC92 /* Products */;
			projectDirPath = "";
			projectRoot = "";
			targets = (
				492A118527466B9A007ADC92 /* UberNotebook */,
			);
		};
/* End PBXProject section */

/* Begin PBXResourcesBuildPhase section */
		492A118427466B9A007ADC92 /* Resources */ = {
			isa = PBXResourcesBuildPhase;
			buildActionMask = 2147483647;
			files = (
				492A119927466B9B007ADC92 /* LaunchScreen.storyboard in Resources */,
				492A119627466B9B007ADC92 /* Assets.xcassets in Resources */,
				492A119127466B9A007ADC92 /* Main.storyboard in Resources */,
			);
			runOnlyForDeploymentPostprocessing = 0;
		};
/* End PBXResourcesBuildPhase section */

/* Begin PBXSourcesBuildPhase section */
		492A118227466B9A007ADC92 /* Sources */ = {
			isa = PBXSourcesBuildPhase;
			buildActionMask = 2147483647;
			files = (
				492A119427466B9A007ADC92 /* UberNotebook.xcdatamodeld in Sources */,
				492A118A27466B9A007ADC92 /* AppDelegate.swift in Sources */,
				492A118C27466B9A007ADC92 /* SceneDelegate.swift in Sources */,
				4938E99427468D9700E9CE35 /* NoteViewController.swift in Sources */,
				4938E98E27467A1700E9CE35 /* NotebookViewController.swift in Sources */,
			);
			runOnlyForDeploymentPostprocessing = 0;
		};
/* End PBXSourcesBuildPhase section */

/* Begin PBXVariantGroup section */
		492A118F27466B9A007ADC92 /* Main.storyboard */ = {
			isa = PBXVariantGroup;
			children = (
				492A119027466B9A007ADC92 /* Base */,
			);
			name = Main.storyboard;
			sourceTree = "<group>";
		};
		492A119727466B9B007ADC92 /* LaunchScreen.storyboard */ = {
			isa = PBXVariantGroup;
			children = (
				492A119827466B9B007ADC92 /* Base */,
			);
			name = LaunchScreen.storyboard;
			sourceTree = "<group>";
		};
/* End PBXVariantGroup section */

/* Begin XCBuildConfiguration section */
		492A119B27466B9B007ADC92 /* Debug */ = {
			isa = XCBuildConfiguration;
			buildSettings = {
				ALWAYS_SEARCH_USER_PATHS = NO;
				CLANG_ANALYZER_NONNULL = YES;
				CLANG_ANALYZER_NUMBER_OBJECT_CONVERSION = YES_AGGRESSIVE;
				CLANG_CXX_LANGUAGE_STANDARD = "gnu++17";
				CLANG_CXX_LIBRARY = "libc++";
				CLANG_ENABLE_MODULES = YES;
				CLANG_ENABLE_OBJC_ARC = YES;
				CLANG_ENABLE_OBJC_WEAK = YES;
				CLANG_WARN_BLOCK_CAPTURE_AUTORELEASING = YES;
				CLANG_WARN_BOOL_CONVERSION = YES;
				CLANG_WARN_COMMA = YES;
				CLANG_WARN_CONSTANT_CONVERSION = YES;
				CLANG_WARN_DEPRECATED_OBJC_IMPLEMENTATIONS = YES;
				CLANG_WARN_DIRECT_OBJC_ISA_USAGE = YES_ERROR;
				CLANG_WARN_DOCUMENTATION_COMMENTS = YES;
				CLANG_WARN_EMPTY_BODY = YES;
				CLANG_WARN_ENUM_CONVERSION = YES;
				CLANG_WARN_INFINITE_RECURSION = YES;
				CLANG_WARN_INT_CONVERSION = YES;
				CLANG_WARN_NON_LITERAL_NULL_CONVERSION = YES;
				CLANG_WARN_OBJC_IMPLICIT_RETAIN_SELF = YES;
				CLANG_WARN_OBJC_LITERAL_CONVERSION = YES;
				CLANG_WARN_OBJC_ROOT_CLASS = YES_ERROR;
				CLANG_WARN_QUOTED_INCLUDE_IN_FRAMEWORK_HEADER = YES;
				CLANG_WARN_RANGE_LOOP_ANALYSIS = YES;
				CLANG_WARN_STRICT_PROTOTYPES = YES;
				CLANG_WARN_SUSPICIOUS_MOVE = YES;
				CLANG_WARN_UNGUARDED_AVAILABILITY = YES_AGGRESSIVE;
				CLANG_WARN_UNREACHABLE_CODE = YES;
				CLANG_WARN__DUPLICATE_METHOD_MATCH = YES;
				COPY_PHASE_STRIP = NO;
				DEBUG_INFORMATION_FORMAT = dwarf;
				ENABLE_STRICT_OBJC_MSGSEND = YES;
				ENABLE_TESTABILITY = YES;
				GCC_C_LANGUAGE_STANDARD = gnu11;
				GCC_DYNAMIC_NO_PIC = NO;
				GCC_NO_COMMON_BLOCKS = YES;
				GCC_OPTIMIZATION_LEVEL = 0;
				GCC_PREPROCESSOR_DEFINITIONS = (
					"DEBUG=1",
					"$(inherited)",
				);
				GCC_WARN_64_TO_32_BIT_CONVERSION = YES;
				GCC_WARN_ABOUT_RETURN_TYPE = YES_ERROR;
				GCC_WARN_UNDECLARED_SELECTOR = YES;
				GCC_WARN_UNINITIALIZED_AUTOS = YES_AGGRESSIVE;
				GCC_WARN_UNUSED_FUNCTION = YES;
				GCC_WARN_UNUSED_VARIABLE = YES;
				IPHONEOS_DEPLOYMENT_TARGET = 15.0;
				MTL_ENABLE_DEBUG_INFO = INCLUDE_SOURCE;
				MTL_FAST_MATH = YES;
				ONLY_ACTIVE_ARCH = YES;
				SDKROOT = iphoneos;
				SWIFT_ACTIVE_COMPILATION_CONDITIONS = DEBUG;
				SWIFT_OPTIMIZATION_LEVEL = "-Onone";
			};
			name = Debug;
		};
		492A119C27466B9B007ADC92 /* Release */ = {
			isa = XCBuildConfiguration;
			buildSettings = {
				ALWAYS_SEARCH_USER_PATHS = NO;
				CLANG_ANALYZER_NONNULL = YES;
				CLANG_ANALYZER_NUMBER_OBJECT_CONVERSION = YES_AGGRESSIVE;
				CLANG_CXX_LANGUAGE_STANDARD = "gnu++17";
				CLANG_CXX_LIBRARY = "libc++";
				CLANG_ENABLE_MODULES = YES;
				CLANG_ENABLE_OBJC_ARC = YES;
				CLANG_ENABLE_OBJC_WEAK = YES;
				CLANG_WARN_BLOCK_CAPTURE_AUTORELEASING = YES;
				CLANG_WARN_BOOL_CONVERSION = YES;
				CLANG_WARN_COMMA = YES;
				CLANG_WARN_CONSTANT_CONVERSION = YES;
				CLANG_WARN_DEPRECATED_OBJC_IMPLEMENTATIONS = YES;
				CLANG_WARN_DIRECT_OBJC_ISA_USAGE = YES_ERROR;
				CLANG_WARN_DOCUMENTATION_COMMENTS = YES;
				CLANG_WARN_EMPTY_BODY = YES;
				CLANG_WARN_ENUM_CONVERSION = YES;
				CLANG_WARN_INFINITE_RECURSION = YES;
				CLANG_WARN_INT_CONVERSION = YES;
				CLANG_WARN_NON_LITERAL_NULL_CONVERSION = YES;
				CLANG_WARN_OBJC_IMPLICIT_RETAIN_SELF = YES;
				CLANG_WARN_OBJC_LITERAL_CONVERSION = YES;
				CLANG_WARN_OBJC_ROOT_CLASS = YES_ERROR;
				CLANG_WARN_QUOTED_INCLUDE_IN_FRAMEWORK_HEADER = YES;
				CLANG_WARN_RANGE_LOOP_ANALYSIS = YES;
				CLANG_WARN_STRICT_PROTOTYPES = YES;
				CLANG_WARN_SUSPICIOUS_MOVE = YES;
				CLANG_WARN_UNGUARDED_AVAILABILITY = YES_AGGRESSIVE;
				CLANG_WARN_UNREACHABLE_CODE = YES;
				CLANG_WARN__DUPLICATE_METHOD_MATCH = YES;
				COPY_PHASE_STRIP = NO;
				DEBUG_INFORMATION_FORMAT = "dwarf-with-dsym";
				ENABLE_NS_ASSERTIONS = NO;
				ENABLE_STRICT_OBJC_MSGSEND = YES;
				GCC_C_LANGUAGE_STANDARD = gnu11;
				GCC_NO_COMMON_BLOCKS = YES;
				GCC_WARN_64_TO_32_BIT_CONVERSION = YES;
				GCC_WARN_ABOUT_RETURN_TYPE = YES_ERROR;
				GCC_WARN_UNDECLARED_SELECTOR = YES;
				GCC_WARN_UNINITIALIZED_AUTOS = YES_AGGRESSIVE;
				GCC_WARN_UNUSED_FUNCTION = YES;
				GCC_WARN_UNUSED_VARIABLE = YES;
				IPHONEOS_DEPLOYMENT_TARGET = 15.0;
				MTL_ENABLE_DEBUG_INFO = NO;
				MTL_FAST_MATH = YES;
				SDKROOT = iphoneos;
				SWIFT_COMPILATION_MODE = wholemodule;
				SWIFT_OPTIMIZATION_LEVEL = "-O";
				VALIDATE_PRODUCT = YES;
			};
			name = Release;
		};
		492A119E27466B9B007ADC92 /* Debug */ = {
			isa = XCBuildConfiguration;
			buildSettings = {
				ASSETCATALOG_COMPILER_APPICON_NAME = AppIcon;
				ASSETCATALOG_COMPILER_GLOBAL_ACCENT_COLOR_NAME = AccentColor;
				CODE_SIGN_STYLE = Automatic;
				CURRENT_PROJECT_VERSION = 1;
				DEVELOPMENT_TEAM = FA7UU4FR96;
				GENERATE_INFOPLIST_FILE = YES;
				INFOPLIST_FILE = UberNotebook/Info.plist;
				INFOPLIST_KEY_UIApplicationSupportsIndirectInputEvents = YES;
				INFOPLIST_KEY_UILaunchStoryboardName = LaunchScreen;
				INFOPLIST_KEY_UIMainStoryboardFile = Main;
				INFOPLIST_KEY_UISupportedInterfaceOrientations_iPad = "UIInterfaceOrientationPortrait UIInterfaceOrientationPortraitUpsideDown UIInterfaceOrientationLandscapeLeft UIInterfaceOrientationLandscapeRight";
				INFOPLIST_KEY_UISupportedInterfaceOrientations_iPhone = "UIInterfaceOrientationPortrait UIInterfaceOrientationLandscapeLeft UIInterfaceOrientationLandscapeRight";
				LD_RUNPATH_SEARCH_PATHS = (
					"$(inherited)",
					"@executable_path/Frameworks",
				);
				MARKETING_VERSION = 1.0;
				PRODUCT_BUNDLE_IDENTIFIER = peterrakolcza.UberNotebook;
				PRODUCT_NAME = "$(TARGET_NAME)";
				SWIFT_EMIT_LOC_STRINGS = YES;
				SWIFT_VERSION = 5.0;
				TARGETED_DEVICE_FAMILY = "1,2";
			};
			name = Debug;
		};
		492A119F27466B9B007ADC92 /* Release */ = {
			isa = XCBuildConfiguration;
			buildSettings = {
				ASSETCATALOG_COMPILER_APPICON_NAME = AppIcon;
				ASSETCATALOG_COMPILER_GLOBAL_ACCENT_COLOR_NAME = AccentColor;
				CODE_SIGN_STYLE = Automatic;
				CURRENT_PROJECT_VERSION = 1;
				DEVELOPMENT_TEAM = FA7UU4FR96;
				GENERATE_INFOPLIST_FILE = YES;
				INFOPLIST_FILE = UberNotebook/Info.plist;
				INFOPLIST_KEY_UIApplicationSupportsIndirectInputEvents = YES;
				INFOPLIST_KEY_UILaunchStoryboardName = LaunchScreen;
				INFOPLIST_KEY_UIMainStoryboardFile = Main;
				INFOPLIST_KEY_UISupportedInterfaceOrientations_iPad = "UIInterfaceOrientationPortrait UIInterfaceOrientationPortraitUpsideDown UIInterfaceOrientationLandscapeLeft UIInterfaceOrientationLandscapeRight";
				INFOPLIST_KEY_UISupportedInterfaceOrientations_iPhone = "UIInterfaceOrientationPortrait UIInterfaceOrientationLandscapeLeft UIInterfaceOrientationLandscapeRight";
				LD_RUNPATH_SEARCH_PATHS = (
					"$(inherited)",
					"@executable_path/Frameworks",
				);
				MARKETING_VERSION = 1.0;
				PRODUCT_BUNDLE_IDENTIFIER = peterrakolcza.UberNotebook;
				PRODUCT_NAME = "$(TARGET_NAME)";
				SWIFT_EMIT_LOC_STRINGS = YES;
				SWIFT_VERSION = 5.0;
				TARGETED_DEVICE_FAMILY = "1,2";
			};
			name = Release;
		};
/* End XCBuildConfiguration section */

/* Begin XCConfigurationList section */
		492A118127466B9A007ADC92 /* Build configuration list for PBXProject "UberNotebook" */ = {
			isa = XCConfigurationList;
			buildConfigurations = (
				492A119B27466B9B007ADC92 /* Debug */,
				492A119C27466B9B007ADC92 /* Release */,
			);
			defaultConfigurationIsVisible = 0;
			defaultConfigurationName = Release;
		};
		492A119D27466B9B007ADC92 /* Build configuration list for PBXNativeTarget "UberNotebook" */ = {
			isa = XCConfigurationList;
			buildConfigurations = (
				492A119E27466B9B007ADC92 /* Debug */,
				492A119F27466B9B007ADC92 /* Release */,
			);
			defaultConfigurationIsVisible = 0;
			defaultConfigurationName = Release;
		};
/* End XCConfigurationList section */

/* Begin XCVersionGroup section */
		492A119227466B9A007ADC92 /* UberNotebook.xcdatamodeld */ = {
			isa = XCVersionGroup;
			children = (
				492A119327466B9A007ADC92 /* UberNotebook.xcdatamodel */,
			);
			currentVersion = 492A119327466B9A007ADC92 /* UberNotebook.xcdatamodel */;
			path = UberNotebook.xcdatamodeld;
			sourceTree = "<group>";
			versionGroupType = wrapper.xcdatamodel;
		};
/* End XCVersionGroup section */
	};
	rootObject = 492A117E27466B9A007ADC92 /* Project object */;
}
