// !$*UTF8*$!
{
	archiveVersion = 1;
	classes = {
	};
	objectVersion = 55;
	objects = {

/* Begin PBXBuildFile section */
		4918D4E32721908C00B2913F /* AppDelegate.swift in Sources */ = {isa = PBXBuildFile; fileRef = 4918D4E22721908C00B2913F /* AppDelegate.swift */; };
		4918D4E52721908C00B2913F /* SceneDelegate.swift in Sources */ = {isa = PBXBuildFile; fileRef = 4918D4E42721908C00B2913F /* SceneDelegate.swift */; };
		4918D4EA2721908C00B2913F /* Main.storyboard in Resources */ = {isa = PBXBuildFile; fileRef = 4918D4E82721908C00B2913F /* Main.storyboard */; };
		4918D4EC2721908D00B2913F /* Assets.xcassets in Resources */ = {isa = PBXBuildFile; fileRef = 4918D4EB2721908D00B2913F /* Assets.xcassets */; };
		4918D4EF2721908D00B2913F /* LaunchScreen.storyboard in Resources */ = {isa = PBXBuildFile; fileRef = 4918D4ED2721908D00B2913F /* LaunchScreen.storyboard */; };
		4918D4F7272455E300B2913F /* Names.plist in Resources */ = {isa = PBXBuildFile; fileRef = 4918D4F6272455E300B2913F /* Names.plist */; };
		4918D4F92724560F00B2913F /* NameHandler.swift in Sources */ = {isa = PBXBuildFile; fileRef = 4918D4F82724560F00B2913F /* NameHandler.swift */; };
		4918D4FB272468F100B2913F /* NameViewController.swift in Sources */ = {isa = PBXBuildFile; fileRef = 4918D4FA272468F100B2913F /* NameViewController.swift */; };
		4918D4FD27246AA500B2913F /* NamesViewController.swift in Sources */ = {isa = PBXBuildFile; fileRef = 4918D4FC27246AA500B2913F /* NamesViewController.swift */; };
		4918D4FF2724A88500B2913F /* NameFactsViewController.swift in Sources */ = {isa = PBXBuildFile; fileRef = 4918D4FE2724A88500B2913F /* NameFactsViewController.swift */; };
/* End PBXBuildFile section */

/* Begin PBXFileReference section */
		4918D4DF2721908C00B2913F /* iNames.app */ = {isa = PBXFileReference; explicitFileType = wrapper.application; includeInIndex = 0; path = iNames.app; sourceTree = BUILT_PRODUCTS_DIR; };
		4918D4E22721908C00B2913F /* AppDelegate.swift */ = {isa = PBXFileReference; lastKnownFileType = sourcecode.swift; path = AppDelegate.swift; sourceTree = "<group>"; };
		4918D4E42721908C00B2913F /* SceneDelegate.swift */ = {isa = PBXFileReference; lastKnownFileType = sourcecode.swift; path = SceneDelegate.swift; sourceTree = "<group>"; };
		4918D4E92721908C00B2913F /* Base */ = {isa = PBXFileReference; lastKnownFileType = file.storyboard; name = Base; path = Base.lproj/Main.storyboard; sourceTree = "<group>"; };
		4918D4EB2721908D00B2913F /* Assets.xcassets */ = {isa = PBXFileReference; lastKnownFileType = folder.assetcatalog; path = Assets.xcassets; sourceTree = "<group>"; };
		4918D4EE2721908D00B2913F /* Base */ = {isa = PBXFileReference; lastKnownFileType = file.storyboard; name = Base; path = Base.lproj/LaunchScreen.storyboard; sourceTree = "<group>"; };
		4918D4F02721908D00B2913F /* Info.plist */ = {isa = PBXFileReference; lastKnownFileType = text.plist.xml; path = Info.plist; sourceTree = "<group>"; };
		4918D4F6272455E300B2913F /* Names.plist */ = {isa = PBXFileReference; fileEncoding = 4; lastKnownFileType = text.plist.xml; path = Names.plist; sourceTree = "<group>"; };
		4918D4F82724560F00B2913F /* NameHandler.swift */ = {isa = PBXFileReference; lastKnownFileType = sourcecode.swift; path = NameHandler.swift; sourceTree = "<group>"; };
		4918D4FA272468F100B2913F /* NameViewController.swift */ = {isa = PBXFileReference; lastKnownFileType = sourcecode.swift; path = NameViewController.swift; sourceTree = "<group>"; };
		4918D4FC27246AA500B2913F /* NamesViewController.swift */ = {isa = PBXFileReference; lastKnownFileType = sourcecode.swift; path = NamesViewController.swift; sourceTree = "<group>"; };
		4918D4FE2724A88500B2913F /* NameFactsViewController.swift */ = {isa = PBXFileReference; lastKnownFileType = sourcecode.swift; path = NameFactsViewController.swift; sourceTree = "<group>"; };
/* End PBXFileReference section */

/* Begin PBXFrameworksBuildPhase section */
		4918D4DC2721908C00B2913F /* Frameworks */ = {
			isa = PBXFrameworksBuildPhase;
			buildActionMask = 2147483647;
			files = (
			);
			runOnlyForDeploymentPostprocessing = 0;
		};
/* End PBXFrameworksBuildPhase section */

/* Begin PBXGroup section */
		4918D4D62721908C00B2913F = {
			isa = PBXGroup;
			children = (
				4918D4E12721908C00B2913F /* iNames */,
				4918D4E02721908C00B2913F /* Products */,
			);
			sourceTree = "<group>";
		};
		4918D4E02721908C00B2913F /* Products */ = {
			isa = PBXGroup;
			children = (
				4918D4DF2721908C00B2913F /* iNames.app */,
			);
			name = Products;
			sourceTree = "<group>";
		};
		4918D4E12721908C00B2913F /* iNames */ = {
			isa = PBXGroup;
			children = (
				4918D4E22721908C00B2913F /* AppDelegate.swift */,
				4918D4E42721908C00B2913F /* SceneDelegate.swift */,
				4918D4E82721908C00B2913F /* Main.storyboard */,
				4918D4EB2721908D00B2913F /* Assets.xcassets */,
				4918D4F6272455E300B2913F /* Names.plist */,
				4918D4ED2721908D00B2913F /* LaunchScreen.storyboard */,
				4918D4F02721908D00B2913F /* Info.plist */,
				4918D4F82724560F00B2913F /* NameHandler.swift */,
				4918D4FA272468F100B2913F /* NameViewController.swift */,
				4918D4FC27246AA500B2913F /* NamesViewController.swift */,
				4918D4FE2724A88500B2913F /* NameFactsViewController.swift */,
			);
			path = iNames;
			sourceTree = "<group>";
		};
/* End PBXGroup section */

/* Begin PBXNativeTarget section */
		4918D4DE2721908C00B2913F /* iNames */ = {
			isa = PBXNativeTarget;
			buildConfigurationList = 4918D4F32721908E00B2913F /* Build configuration list for PBXNativeTarget "iNames" */;
			buildPhases = (
				4918D4DB2721908C00B2913F /* Sources */,
				4918D4DC2721908C00B2913F /* Frameworks */,
				4918D4DD2721908C00B2913F /* Resources */,
			);
			buildRules = (
			);
			dependencies = (
			);
			name = iNames;
			productName = iNames;
			productReference = 4918D4DF2721908C00B2913F /* iNames.app */;
			productType = "com.apple.product-type.application";
		};
/* End PBXNativeTarget section */

/* Begin PBXProject section */
		4918D4D72721908C00B2913F /* Project object */ = {
			isa = PBXProject;
			attributes = {
				BuildIndependentTargetsInParallel = 1;
				LastSwiftUpdateCheck = 1300;
				LastUpgradeCheck = 1300;
				TargetAttributes = {
					4918D4DE2721908C00B2913F = {
						CreatedOnToolsVersion = 13.0;
					};
				};
			};
			buildConfigurationList = 4918D4DA2721908C00B2913F /* Build configuration list for PBXProject "iNames" */;
			compatibilityVersion = "Xcode 13.0";
			developmentRegion = en;
			hasScannedForEncodings = 0;
			knownRegions = (
				en,
				Base,
			);
			mainGroup = 4918D4D62721908C00B2913F;
			productRefGroup = 4918D4E02721908C00B2913F /* Products */;
			projectDirPath = "";
			projectRoot = "";
			targets = (
				4918D4DE2721908C00B2913F /* iNames */,
			);
		};
/* End PBXProject section */

/* Begin PBXResourcesBuildPhase section */
		4918D4DD2721908C00B2913F /* Resources */ = {
			isa = PBXResourcesBuildPhase;
			buildActionMask = 2147483647;
			files = (
				4918D4EF2721908D00B2913F /* LaunchScreen.storyboard in Resources */,
				4918D4F7272455E300B2913F /* Names.plist in Resources */,
				4918D4EC2721908D00B2913F /* Assets.xcassets in Resources */,
				4918D4EA2721908C00B2913F /* Main.storyboard in Resources */,
			);
			runOnlyForDeploymentPostprocessing = 0;
		};
/* End PBXResourcesBuildPhase section */

/* Begin PBXSourcesBuildPhase section */
		4918D4DB2721908C00B2913F /* Sources */ = {
			isa = PBXSourcesBuildPhase;
			buildActionMask = 2147483647;
			files = (
				4918D4E32721908C00B2913F /* AppDelegate.swift in Sources */,
				4918D4E52721908C00B2913F /* SceneDelegate.swift in Sources */,
				4918D4F92724560F00B2913F /* NameHandler.swift in Sources */,
				4918D4FB272468F100B2913F /* NameViewController.swift in Sources */,
				4918D4FD27246AA500B2913F /* NamesViewController.swift in Sources */,
				4918D4FF2724A88500B2913F /* NameFactsViewController.swift in Sources */,
			);
			runOnlyForDeploymentPostprocessing = 0;
		};
/* End PBXSourcesBuildPhase section */

/* Begin PBXVariantGroup section */
		4918D4E82721908C00B2913F /* Main.storyboard */ = {
			isa = PBXVariantGroup;
			children = (
				4918D4E92721908C00B2913F /* Base */,
			);
			name = Main.storyboard;
			sourceTree = "<group>";
		};
		4918D4ED2721908D00B2913F /* LaunchScreen.storyboard */ = {
			isa = PBXVariantGroup;
			children = (
				4918D4EE2721908D00B2913F /* Base */,
			);
			name = LaunchScreen.storyboard;
			sourceTree = "<group>";
		};
/* End PBXVariantGroup section */

/* Begin XCBuildConfiguration section */
		4918D4F12721908D00B2913F /* Debug */ = {
			isa = XCBuildConfiguration;
			buildSettings = {
				ALWAYS_SEARCH_USER_PATHS = NO;
				CLANG_ANALYZER_NONNULL = YES;
				CLANG_ANALYZER_NUMBER_OBJECT_CONVERSION = YES_AGGRESSIVE;
				CLANG_CXX_LANGUAGE_STANDARD = "gnu++17";
				CLANG_CXX_LIBRARY = "libc++";
				CLANG_ENABLE_MODULES = YES;
				CLANG_ENABLE_OBJC_ARC = YES;
				CLANG_ENABLE_OBJC_WEAK = YES;
				CLANG_WARN_BLOCK_CAPTURE_AUTORELEASING = YES;
				CLANG_WARN_BOOL_CONVERSION = YES;
				CLANG_WARN_COMMA = YES;
				CLANG_WARN_CONSTANT_CONVERSION = YES;
				CLANG_WARN_DEPRECATED_OBJC_IMPLEMENTATIONS = YES;
				CLANG_WARN_DIRECT_OBJC_ISA_USAGE = YES_ERROR;
				CLANG_WARN_DOCUMENTATION_COMMENTS = YES;
				CLANG_WARN_EMPTY_BODY = YES;
				CLANG_WARN_ENUM_CONVERSION = YES;
				CLANG_WARN_INFINITE_RECURSION = YES;
				CLANG_WARN_INT_CONVERSION = YES;
				CLANG_WARN_NON_LITERAL_NULL_CONVERSION = YES;
				CLANG_WARN_OBJC_IMPLICIT_RETAIN_SELF = YES;
				CLANG_WARN_OBJC_LITERAL_CONVERSION = YES;
				CLANG_WARN_OBJC_ROOT_CLASS = YES_ERROR;
				CLANG_WARN_QUOTED_INCLUDE_IN_FRAMEWORK_HEADER = YES;
				CLANG_WARN_RANGE_LOOP_ANALYSIS = YES;
				CLANG_WARN_STRICT_PROTOTYPES = YES;
				CLANG_WARN_SUSPICIOUS_MOVE = YES;
				CLANG_WARN_UNGUARDED_AVAILABILITY = YES_AGGRESSIVE;
				CLANG_WARN_UNREACHABLE_CODE = YES;
				CLANG_WARN__DUPLICATE_METHOD_MATCH = YES;
				COPY_PHASE_STRIP = NO;
				DEBUG_INFORMATION_FORMAT = dwarf;
				ENABLE_STRICT_OBJC_MSGSEND = YES;
				ENABLE_TESTABILITY = YES;
				GCC_C_LANGUAGE_STANDARD = gnu11;
				GCC_DYNAMIC_NO_PIC = NO;
				GCC_NO_COMMON_BLOCKS = YES;
				GCC_OPTIMIZATION_LEVEL = 0;
				GCC_PREPROCESSOR_DEFINITIONS = (
					"DEBUG=1",
					"$(inherited)",
				);
				GCC_WARN_64_TO_32_BIT_CONVERSION = YES;
				GCC_WARN_ABOUT_RETURN_TYPE = YES_ERROR;
				GCC_WARN_UNDECLARED_SELECTOR = YES;
				GCC_WARN_UNINITIALIZED_AUTOS = YES_AGGRESSIVE;
				GCC_WARN_UNUSED_FUNCTION = YES;
				GCC_WARN_UNUSED_VARIABLE = YES;
				IPHONEOS_DEPLOYMENT_TARGET = 15.0;
				MTL_ENABLE_DEBUG_INFO = INCLUDE_SOURCE;
				MTL_FAST_MATH = YES;
				ONLY_ACTIVE_ARCH = YES;
				SDKROOT = iphoneos;
				SWIFT_ACTIVE_COMPILATION_CONDITIONS = DEBUG;
				SWIFT_OPTIMIZATION_LEVEL = "-Onone";
			};
			name = Debug;
		};
		4918D4F22721908D00B2913F /* Release */ = {
			isa = XCBuildConfiguration;
			buildSettings = {
				ALWAYS_SEARCH_USER_PATHS = NO;
				CLANG_ANALYZER_NONNULL = YES;
				CLANG_ANALYZER_NUMBER_OBJECT_CONVERSION = YES_AGGRESSIVE;
				CLANG_CXX_LANGUAGE_STANDARD = "gnu++17";
				CLANG_CXX_LIBRARY = "libc++";
				CLANG_ENABLE_MODULES = YES;
				CLANG_ENABLE_OBJC_ARC = YES;
				CLANG_ENABLE_OBJC_WEAK = YES;
				CLANG_WARN_BLOCK_CAPTURE_AUTORELEASING = YES;
				CLANG_WARN_BOOL_CONVERSION = YES;
				CLANG_WARN_COMMA = YES;
				CLANG_WARN_CONSTANT_CONVERSION = YES;
				CLANG_WARN_DEPRECATED_OBJC_IMPLEMENTATIONS = YES;
				CLANG_WARN_DIRECT_OBJC_ISA_USAGE = YES_ERROR;
				CLANG_WARN_DOCUMENTATION_COMMENTS = YES;
				CLANG_WARN_EMPTY_BODY = YES;
				CLANG_WARN_ENUM_CONVERSION = YES;
				CLANG_WARN_INFINITE_RECURSION = YES;
				CLANG_WARN_INT_CONVERSION = YES;
				CLANG_WARN_NON_LITERAL_NULL_CONVERSION = YES;
				CLANG_WARN_OBJC_IMPLICIT_RETAIN_SELF = YES;
				CLANG_WARN_OBJC_LITERAL_CONVERSION = YES;
				CLANG_WARN_OBJC_ROOT_CLASS = YES_ERROR;
				CLANG_WARN_QUOTED_INCLUDE_IN_FRAMEWORK_HEADER = YES;
				CLANG_WARN_RANGE_LOOP_ANALYSIS = YES;
				CLANG_WARN_STRICT_PROTOTYPES = YES;
				CLANG_WARN_SUSPICIOUS_MOVE = YES;
				CLANG_WARN_UNGUARDED_AVAILABILITY = YES_AGGRESSIVE;
				CLANG_WARN_UNREACHABLE_CODE = YES;
				CLANG_WARN__DUPLICATE_METHOD_MATCH = YES;
				COPY_PHASE_STRIP = NO;
				DEBUG_INFORMATION_FORMAT = "dwarf-with-dsym";
				ENABLE_NS_ASSERTIONS = NO;
				ENABLE_STRICT_OBJC_MSGSEND = YES;
				GCC_C_LANGUAGE_STANDARD = gnu11;
				GCC_NO_COMMON_BLOCKS = YES;
				GCC_WARN_64_TO_32_BIT_CONVERSION = YES;
				GCC_WARN_ABOUT_RETURN_TYPE = YES_ERROR;
				GCC_WARN_UNDECLARED_SELECTOR = YES;
				GCC_WARN_UNINITIALIZED_AUTOS = YES_AGGRESSIVE;
				GCC_WARN_UNUSED_FUNCTION = YES;
				GCC_WARN_UNUSED_VARIABLE = YES;
				IPHONEOS_DEPLOYMENT_TARGET = 15.0;
				MTL_ENABLE_DEBUG_INFO = NO;
				MTL_FAST_MATH = YES;
				SDKROOT = iphoneos;
				SWIFT_COMPILATION_MODE = wholemodule;
				SWIFT_OPTIMIZATION_LEVEL = "-O";
				VALIDATE_PRODUCT = YES;
			};
			name = Release;
		};
		4918D4F42721908E00B2913F /* Debug */ = {
			isa = XCBuildConfiguration;
			buildSettings = {
				ASSETCATALOG_COMPILER_APPICON_NAME = AppIcon;
				ASSETCATALOG_COMPILER_GLOBAL_ACCENT_COLOR_NAME = AccentColor;
				CODE_SIGN_STYLE = Automatic;
				CURRENT_PROJECT_VERSION = 1;
				DEVELOPMENT_TEAM = FA7UU4FR96;
				GENERATE_INFOPLIST_FILE = YES;
				INFOPLIST_FILE = iNames/Info.plist;
				INFOPLIST_KEY_UIApplicationSupportsIndirectInputEvents = YES;
				INFOPLIST_KEY_UILaunchStoryboardName = LaunchScreen;
				INFOPLIST_KEY_UIMainStoryboardFile = Main;
				INFOPLIST_KEY_UISupportedInterfaceOrientations_iPad = "UIInterfaceOrientationPortrait UIInterfaceOrientationPortraitUpsideDown UIInterfaceOrientationLandscapeLeft UIInterfaceOrientationLandscapeRight";
				INFOPLIST_KEY_UISupportedInterfaceOrientations_iPhone = "UIInterfaceOrientationPortrait UIInterfaceOrientationLandscapeLeft UIInterfaceOrientationLandscapeRight";
				LD_RUNPATH_SEARCH_PATHS = (
					"$(inherited)",
					"@executable_path/Frameworks",
				);
				MARKETING_VERSION = 1.0;
				PRODUCT_BUNDLE_IDENTIFIER = peterrakolcza.iNames;
				PRODUCT_NAME = "$(TARGET_NAME)";
				SWIFT_EMIT_LOC_STRINGS = YES;
				SWIFT_VERSION = 5.0;
				TARGETED_DEVICE_FAMILY = "1,2";
			};
			name = Debug;
		};
		4918D4F52721908E00B2913F /* Release */ = {
			isa = XCBuildConfiguration;
			buildSettings = {
				ASSETCATALOG_COMPILER_APPICON_NAME = AppIcon;
				ASSETCATALOG_COMPILER_GLOBAL_ACCENT_COLOR_NAME = AccentColor;
				CODE_SIGN_STYLE = Automatic;
				CURRENT_PROJECT_VERSION = 1;
				DEVELOPMENT_TEAM = FA7UU4FR96;
				GENERATE_INFOPLIST_FILE = YES;
				INFOPLIST_FILE = iNames/Info.plist;
				INFOPLIST_KEY_UIApplicationSupportsIndirectInputEvents = YES;
				INFOPLIST_KEY_UILaunchStoryboardName = LaunchScreen;
				INFOPLIST_KEY_UIMainStoryboardFile = Main;
				INFOPLIST_KEY_UISupportedInterfaceOrientations_iPad = "UIInterfaceOrientationPortrait UIInterfaceOrientationPortraitUpsideDown UIInterfaceOrientationLandscapeLeft UIInterfaceOrientationLandscapeRight";
				INFOPLIST_KEY_UISupportedInterfaceOrientations_iPhone = "UIInterfaceOrientationPortrait UIInterfaceOrientationLandscapeLeft UIInterfaceOrientationLandscapeRight";
				LD_RUNPATH_SEARCH_PATHS = (
					"$(inherited)",
					"@executable_path/Frameworks",
				);
				MARKETING_VERSION = 1.0;
				PRODUCT_BUNDLE_IDENTIFIER = peterrakolcza.iNames;
				PRODUCT_NAME = "$(TARGET_NAME)";
				SWIFT_EMIT_LOC_STRINGS = YES;
				SWIFT_VERSION = 5.0;
				TARGETED_DEVICE_FAMILY = "1,2";
			};
			name = Release;
		};
/* End XCBuildConfiguration section */

/* Begin XCConfigurationList section */
		4918D4DA2721908C00B2913F /* Build configuration list for PBXProject "iNames" */ = {
			isa = XCConfigurationList;
			buildConfigurations = (
				4918D4F12721908D00B2913F /* Debug */,
				4918D4F22721908D00B2913F /* Release */,
			);
			defaultConfigurationIsVisible = 0;
			defaultConfigurationName = Release;
		};
		4918D4F32721908E00B2913F /* Build configuration list for PBXNativeTarget "iNames" */ = {
			isa = XCConfigurationList;
			buildConfigurations = (
				4918D4F42721908E00B2913F /* Debug */,
				4918D4F52721908E00B2913F /* Release */,
			);
			defaultConfigurationIsVisible = 0;
			defaultConfigurationName = Release;
		};
/* End XCConfigurationList section */
	};
	rootObject = 4918D4D72721908C00B2913F /* Project object */;
}
